
Microsoft Visual Studio Solution File, Format Version 11.00
# Visual Studio 2010
Project("{FAE04EC0-301F-11D3-BF4B-00C04F79EFBC}") = "Assembly-CSharp", "Assembly-CSharp.csproj", "{8ad0b390-9efa-98a1-334c-9a3e381b79e3}"
EndProject
Project("{FAE04EC0-301F-11D3-BF4B-00C04F79EFBC}") = "Assembly-CSharp-Editor", "Assembly-CSharp-Editor.csproj", "{c260298b-edec-6a8a-dfab-3699d9985778}"
EndProject
Global
	GlobalSection(SolutionConfigurationPlatforms) = preSolution
		Debug|Any CPU = Debug|Any CPU
	EndGlobalSection
	GlobalSection(ProjectConfigurationPlatforms) = postSolution
		{8ad0b390-9efa-98a1-334c-9a3e381b79e3}.Debug|Any CPU.ActiveCfg = Debug|Any CPU
		{8ad0b390-9efa-98a1-334c-9a3e381b79e3}.Debug|Any CPU.Build.0 = Debug|Any CPU
		{c260298b-edec-6a8a-dfab-3699d9985778}.Debug|Any CPU.ActiveCfg = Debug|Any CPU
		{c260298b-edec-6a8a-dfab-3699d9985778}.Debug|Any CPU.Build.0 = Debug|Any CPU
	EndGlobalSection
	GlobalSection(SolutionProperties) = preSolution
		HideSolutionNode = FALSE
	EndGlobalSection
EndGlobal
